
Microsoft Visual Studio Solution File, Format Version 12.00
# Visual Studio Version 17
VisualStudioVersion = 17.7.34031.279
MinimumVisualStudioVersion = 10.0.40219.1
Project("{FAE04EC0-301F-11D3-BF4B-00C04F79EFBC}") = "Test_MSSQL", "Test_MSSQL\Test_MSSQL.csproj", "{6E011354-98CC-4683-893E-88F20847D15C}"
EndProject
Global
	GlobalSection(SolutionConfigurationPlatforms) = preSolution
		Debug|Any CPU = Debug|Any CPU
		Release|Any CPU = Release|Any CPU
	EndGlobalSection
	GlobalSection(ProjectConfigurationPlatforms) = postSolution
		{6E011354-98CC-4683-893E-88F20847D15C}.Debug|Any CPU.ActiveCfg = Debug|Any CPU
		{6E011354-98CC-4683-893E-88F20847D15C}.Debug|Any CPU.Build.0 = Debug|Any CPU
		{6E011354-98CC-4683-893E-88F20847D15C}.Release|Any CPU.ActiveCfg = Release|Any CPU
		{6E011354-98CC-4683-893E-88F20847D15C}.Release|Any CPU.Build.0 = Release|Any CPU
	EndGlobalSection
	GlobalSection(SolutionProperties) = preSolution
		HideSolutionNode = FALSE
	EndGlobalSection
	GlobalSection(ExtensibilityGlobals) = postSolution
		SolutionGuid = {D45B53CE-5CD4-4F69-A741-F0009F626386}
	EndGlobalSection
EndGlobal
